
Microsoft Visual Studio Solution File, Format Version 12.00
# Visual Studio Version 16
VisualStudioVersion = 16.0.29519.181
MinimumVisualStudioVersion = 10.0.40219.1
Project("{2150E333-8FDC-42A3-9474-1A3956D46DE8}") = "Trace", "Trace", "{331D02D4-7D53-404A-95F0-1904948C1B9C}"
EndProject
Project("{9A19103F-16F7-4668-BE54-9A1E7A4F7556}") = "Trace1", "Trace\Trace1\Trace1.csproj", "{61778EE8-F1BD-4461-B14E-17C692FA299B}"
EndProject
Project("{9A19103F-16F7-4668-BE54-9A1E7A4F7556}") = "Trace2", "Trace2\Trace2.csproj", "{ECA4BB89-07A7-4CA2-BCBC-71DEC91E4316}"
EndProject
Project("{9A19103F-16F7-4668-BE54-9A1E7A4F7556}") = "ConsoleApp1", "ConsoleApp1\ConsoleApp1.csproj", "{CC4628FF-E983-4589-9751-4496645019DC}"
EndProject
Project("{9A19103F-16F7-4668-BE54-9A1E7A4F7556}") = "ConsoleApp2", "ConsoleApp2\ConsoleApp2.csproj", "{CC9957A3-5F8D-4DAA-BAF9-B63F602B16C2}"
EndProject
Project("{9A19103F-16F7-4668-BE54-9A1E7A4F7556}") = "TraceMiddleWare", "TraceMiddleWare\TraceMiddleWare.csproj", "{8C6D4FDE-16F2-40C2-8CEE-E230253590C2}"
EndProject
Project("{9A19103F-16F7-4668-BE54-9A1E7A4F7556}") = "Trace3", "Trace3\Trace3.csproj", "{052017E3-1F01-49A6-BB12-832662FDC6A6}"
EndProject
Project("{2150E333-8FDC-42A3-9474-1A3956D46DE8}") = "SkyWalking", "SkyWalking", "{71BBB561-8876-480E-AFB1-C15360FE7146}"
EndProject
Project("{9A19103F-16F7-4668-BE54-9A1E7A4F7556}") = "WebApplication1", "WebApplication1\WebApplication1.csproj", "{7F5BAA4A-D09D-4E41-9E2A-48B7ACB0104B}"
EndProject
Project("{9A19103F-16F7-4668-BE54-9A1E7A4F7556}") = "WebApplication2", "WebApplication2\WebApplication2.csproj", "{DE3017AB-C0EC-43D7-8BD8-483220E3AA30}"
EndProject
Project("{9A19103F-16F7-4668-BE54-9A1E7A4F7556}") = "WebApplication3", "WebApplication3\WebApplication3.csproj", "{E441A9BA-2DDF-4DAB-A429-3AA1FA31A862}"
EndProject
Project("{9A19103F-16F7-4668-BE54-9A1E7A4F7556}") = "WebApplication4", "WebApplication4\WebApplication4.csproj", "{DF4F39FA-5D0C-4D7C-AA38-80338F7F2D0B}"
EndProject
Project("{2150E333-8FDC-42A3-9474-1A3956D46DE8}") = "Grpc", "Grpc", "{2EAAA68C-9D95-4678-8681-1596BA39DB21}"
EndProject
Global
	GlobalSection(SolutionConfigurationPlatforms) = preSolution
		Debug|Any CPU = Debug|Any CPU
		Release|Any CPU = Release|Any CPU
	EndGlobalSection
	GlobalSection(ProjectConfigurationPlatforms) = postSolution
		{61778EE8-F1BD-4461-B14E-17C692FA299B}.Debug|Any CPU.ActiveCfg = Debug|Any CPU
		{61778EE8-F1BD-4461-B14E-17C692FA299B}.Debug|Any CPU.Build.0 = Debug|Any CPU
		{61778EE8-F1BD-4461-B14E-17C692FA299B}.Release|Any CPU.ActiveCfg = Release|Any CPU
		{61778EE8-F1BD-4461-B14E-17C692FA299B}.Release|Any CPU.Build.0 = Release|Any CPU
		{ECA4BB89-07A7-4CA2-BCBC-71DEC91E4316}.Debug|Any CPU.ActiveCfg = Debug|Any CPU
		{ECA4BB89-07A7-4CA2-BCBC-71DEC91E4316}.Debug|Any CPU.Build.0 = Debug|Any CPU
		{ECA4BB89-07A7-4CA2-BCBC-71DEC91E4316}.Release|Any CPU.ActiveCfg = Release|Any CPU
		{ECA4BB89-07A7-4CA2-BCBC-71DEC91E4316}.Release|Any CPU.Build.0 = Release|Any CPU
		{CC4628FF-E983-4589-9751-4496645019DC}.Debug|Any CPU.ActiveCfg = Debug|Any CPU
		{CC4628FF-E983-4589-9751-4496645019DC}.Debug|Any CPU.Build.0 = Debug|Any CPU
		{CC4628FF-E983-4589-9751-4496645019DC}.Release|Any CPU.ActiveCfg = Release|Any CPU
		{CC4628FF-E983-4589-9751-4496645019DC}.Release|Any CPU.Build.0 = Release|Any CPU
		{CC9957A3-5F8D-4DAA-BAF9-B63F602B16C2}.Debug|Any CPU.ActiveCfg = Debug|Any CPU
		{CC9957A3-5F8D-4DAA-BAF9-B63F602B16C2}.Debug|Any CPU.Build.0 = Debug|Any CPU
		{CC9957A3-5F8D-4DAA-BAF9-B63F602B16C2}.Release|Any CPU.ActiveCfg = Release|Any CPU
		{CC9957A3-5F8D-4DAA-BAF9-B63F602B16C2}.Release|Any CPU.Build.0 = Release|Any CPU
		{8C6D4FDE-16F2-40C2-8CEE-E230253590C2}.Debug|Any CPU.ActiveCfg = Debug|Any CPU
		{8C6D4FDE-16F2-40C2-8CEE-E230253590C2}.Debug|Any CPU.Build.0 = Debug|Any CPU
		{8C6D4FDE-16F2-40C2-8CEE-E230253590C2}.Release|Any CPU.ActiveCfg = Release|Any CPU
		{8C6D4FDE-16F2-40C2-8CEE-E230253590C2}.Release|Any CPU.Build.0 = Release|Any CPU
		{052017E3-1F01-49A6-BB12-832662FDC6A6}.Debug|Any CPU.ActiveCfg = Debug|Any CPU
		{052017E3-1F01-49A6-BB12-832662FDC6A6}.Debug|Any CPU.Build.0 = Debug|Any CPU
		{052017E3-1F01-49A6-BB12-832662FDC6A6}.Release|Any CPU.ActiveCfg = Release|Any CPU
		{052017E3-1F01-49A6-BB12-832662FDC6A6}.Release|Any CPU.Build.0 = Release|Any CPU
		{7F5BAA4A-D09D-4E41-9E2A-48B7ACB0104B}.Debug|Any CPU.ActiveCfg = Debug|Any CPU
		{7F5BAA4A-D09D-4E41-9E2A-48B7ACB0104B}.Debug|Any CPU.Build.0 = Debug|Any CPU
		{7F5BAA4A-D09D-4E41-9E2A-48B7ACB0104B}.Release|Any CPU.ActiveCfg = Release|Any CPU
		{7F5BAA4A-D09D-4E41-9E2A-48B7ACB0104B}.Release|Any CPU.Build.0 = Release|Any CPU
		{DE3017AB-C0EC-43D7-8BD8-483220E3AA30}.Debug|Any CPU.ActiveCfg = Debug|Any CPU
		{DE3017AB-C0EC-43D7-8BD8-483220E3AA30}.Debug|Any CPU.Build.0 = Debug|Any CPU
		{DE3017AB-C0EC-43D7-8BD8-483220E3AA30}.Release|Any CPU.ActiveCfg = Release|Any CPU
		{DE3017AB-C0EC-43D7-8BD8-483220E3AA30}.Release|Any CPU.Build.0 = Release|Any CPU
		{E441A9BA-2DDF-4DAB-A429-3AA1FA31A862}.Debug|Any CPU.ActiveCfg = Debug|Any CPU
		{E441A9BA-2DDF-4DAB-A429-3AA1FA31A862}.Debug|Any CPU.Build.0 = Debug|Any CPU
		{E441A9BA-2DDF-4DAB-A429-3AA1FA31A862}.Release|Any CPU.ActiveCfg = Release|Any CPU
		{E441A9BA-2DDF-4DAB-A429-3AA1FA31A862}.Release|Any CPU.Build.0 = Release|Any CPU
		{DF4F39FA-5D0C-4D7C-AA38-80338F7F2D0B}.Debug|Any CPU.ActiveCfg = Debug|Any CPU
		{DF4F39FA-5D0C-4D7C-AA38-80338F7F2D0B}.Debug|Any CPU.Build.0 = Debug|Any CPU
		{DF4F39FA-5D0C-4D7C-AA38-80338F7F2D0B}.Release|Any CPU.ActiveCfg = Release|Any CPU
		{DF4F39FA-5D0C-4D7C-AA38-80338F7F2D0B}.Release|Any CPU.Build.0 = Release|Any CPU
	EndGlobalSection
	GlobalSection(SolutionProperties) = preSolution
		HideSolutionNode = FALSE
	EndGlobalSection
	GlobalSection(NestedProjects) = preSolution
		{61778EE8-F1BD-4461-B14E-17C692FA299B} = {331D02D4-7D53-404A-95F0-1904948C1B9C}
		{ECA4BB89-07A7-4CA2-BCBC-71DEC91E4316} = {331D02D4-7D53-404A-95F0-1904948C1B9C}
		{8C6D4FDE-16F2-40C2-8CEE-E230253590C2} = {331D02D4-7D53-404A-95F0-1904948C1B9C}
		{052017E3-1F01-49A6-BB12-832662FDC6A6} = {331D02D4-7D53-404A-95F0-1904948C1B9C}
		{7F5BAA4A-D09D-4E41-9E2A-48B7ACB0104B} = {71BBB561-8876-480E-AFB1-C15360FE7146}
		{DE3017AB-C0EC-43D7-8BD8-483220E3AA30} = {71BBB561-8876-480E-AFB1-C15360FE7146}
		{E441A9BA-2DDF-4DAB-A429-3AA1FA31A862} = {71BBB561-8876-480E-AFB1-C15360FE7146}
		{DF4F39FA-5D0C-4D7C-AA38-80338F7F2D0B} = {71BBB561-8876-480E-AFB1-C15360FE7146}
	EndGlobalSection
	GlobalSection(ExtensibilityGlobals) = postSolution
		SolutionGuid = {3AFDA3E0-87F1-49AE-A3DB-4F9E1776B5CA}
	EndGlobalSection
EndGlobal
